Microsoft Visual Studio Solution File, Format Version 11.00
# Visual Studio 2010
Project("{FAE04EC0-301F-11D3-BF4B-00C04F79EFBC}") = "Assembly-CSharp", "Assembly-CSharp.csproj", "{9AD45770-5278-734E-9CA4-7AC8ED7B383A}"
EndProject
Project("{FAE04EC0-301F-11D3-BF4B-00C04F79EFBC}") = "Assembly-CSharp-firstpass", "Assembly-CSharp-firstpass.csproj", "{00EE7CD1-83A9-9727-9D90-4F8FB6828329}"
EndProject
Project("{FAE04EC0-301F-11D3-BF4B-00C04F79EFBC}") = "Assembly-CSharp-Editor", "Assembly-CSharp-Editor.csproj", "{E4074D5E-DE17-533C-9B11-1FF616AAF9B4}"
EndProject
Project("{FAE04EC0-301F-11D3-BF4B-00C04F79EFBC}") = "Assembly-CSharp-Editor-firstpass", "Assembly-CSharp-Editor-firstpass.csproj", "{96A658A8-5492-7CB3-B929-F75F8BB4A14B}"
EndProject
Global
	GlobalSection(SolutionConfigurationPlatforms) = preSolution
		Debug|Any CPU = Debug|Any CPU
		Release|Any CPU = Release|Any CPU
	EndGlobalSection
	GlobalSection(ProjectConfigurationPlatforms) = postSolution
		{9AD45770-5278-734E-9CA4-7AC8ED7B383A}.Debug|Any CPU.ActiveCfg = Debug|Any CPU
		{9AD45770-5278-734E-9CA4-7AC8ED7B383A}.Debug|Any CPU.Build.0 = Debug|Any CPU
		{9AD45770-5278-734E-9CA4-7AC8ED7B383A}.Release|Any CPU.ActiveCfg = Release|Any CPU
		{9AD45770-5278-734E-9CA4-7AC8ED7B383A}.Release|Any CPU.Build.0 = Release|Any CPU
		{00EE7CD1-83A9-9727-9D90-4F8FB6828329}.Debug|Any CPU.ActiveCfg = Debug|Any CPU
		{00EE7CD1-83A9-9727-9D90-4F8FB6828329}.Debug|Any CPU.Build.0 = Debug|Any CPU
		{00EE7CD1-83A9-9727-9D90-4F8FB6828329}.Release|Any CPU.ActiveCfg = Release|Any CPU
		{00EE7CD1-83A9-9727-9D90-4F8FB6828329}.Release|Any CPU.Build.0 = Release|Any CPU
		{E4074D5E-DE17-533C-9B11-1FF616AAF9B4}.Debug|Any CPU.ActiveCfg = Debug|Any CPU
		{E4074D5E-DE17-533C-9B11-1FF616AAF9B4}.Debug|Any CPU.Build.0 = Debug|Any CPU
		{E4074D5E-DE17-533C-9B11-1FF616AAF9B4}.Release|Any CPU.ActiveCfg = Release|Any CPU
		{E4074D5E-DE17-533C-9B11-1FF616AAF9B4}.Release|Any CPU.Build.0 = Release|Any CPU
		{96A658A8-5492-7CB3-B929-F75F8BB4A14B}.Debug|Any CPU.ActiveCfg = Debug|Any CPU
		{96A658A8-5492-7CB3-B929-F75F8BB4A14B}.Debug|Any CPU.Build.0 = Debug|Any CPU
		{96A658A8-5492-7CB3-B929-F75F8BB4A14B}.Release|Any CPU.ActiveCfg = Release|Any CPU
		{96A658A8-5492-7CB3-B929-F75F8BB4A14B}.Release|Any CPU.Build.0 = Release|Any CPU
	EndGlobalSection
	GlobalSection(SolutionProperties) = preSolution
		HideSolutionNode = FALSE
	EndGlobalSection
	GlobalSection(MonoDevelopProperties) = preSolution
		StartupItem = Assembly-CSharp.csproj
	EndGlobalSection
EndGlobal
